// !$*UTF8*$!
{
	archiveVersion = 1;
	classes = {
	};
	objectVersion = 46;
	objects = {

/* Begin PBXBuildFile section */
		4A6E6EEE1EA8A1DE009E2642 /* AppDelegate.swift in Sources */ = {isa = PBXBuildFile; fileRef = 4A6E6EED1EA8A1DE009E2642 /* AppDelegate.swift */; };
		4A6E6EF01EA8A1DE009E2642 /* ViewController.swift in Sources */ = {isa = PBXBuildFile; fileRef = 4A6E6EEF1EA8A1DE009E2642 /* ViewController.swift */; };
		4A6E6EF31EA8A1DE009E2642 /* Main.storyboard in Resources */ = {isa = PBXBuildFile; fileRef = 4A6E6EF11EA8A1DE009E2642 /* Main.storyboard */; };
		4A6E6EF51EA8A1DE009E2642 /* Assets.xcassets in Resources */ = {isa = PBXBuildFile; fileRef = 4A6E6EF41EA8A1DE009E2642 /* Assets.xcassets */; };
		4A6E6EF81EA8A1DE009E2642 /* LaunchScreen.storyboard in Resources */ = {isa = PBXBuildFile; fileRef = 4A6E6EF61EA8A1DE009E2642 /* LaunchScreen.storyboard */; };
		4A6E6F031EA8A1DF009E2642 /* Chap1_HelloAVFTests.swift in Sources */ = {isa = PBXBuildFile; fileRef = 4A6E6F021EA8A1DF009E2642 /* Chap1_HelloAVFTests.swift */; };
		4A6E6F0E1EA8A1DF009E2642 /* Chap1_HelloAVFUITests.swift in Sources */ = {isa = PBXBuildFile; fileRef = 4A6E6F0D1EA8A1DF009E2642 /* Chap1_HelloAVFUITests.swift */; };
		4A6E6F1C1EA8A363009E2642 /* THBubbleCell.swift in Sources */ = {isa = PBXBuildFile; fileRef = 4A6E6F1B1EA8A363009E2642 /* THBubbleCell.swift */; };
		4A97B2B41EA8A5B80054371D /* THSpeechController.swift in Sources */ = {isa = PBXBuildFile; fileRef = 4A97B2B31EA8A5B80054371D /* THSpeechController.swift */; };
/* End PBXBuildFile section */

/* Begin PBXContainerItemProxy section */
		4A6E6EFF1EA8A1DF009E2642 /* PBXContainerItemProxy */ = {
			isa = PBXContainerItemProxy;
			containerPortal = 4A6E6EE21EA8A1DE009E2642 /* Project object */;
			proxyType = 1;
			remoteGlobalIDString = 4A6E6EE91EA8A1DE009E2642;
			remoteInfo = Chap1_HelloAVF;
		};
		4A6E6F0A1EA8A1DF009E2642 /* PBXContainerItemProxy */ = {
			isa = PBXContainerItemProxy;
			containerPortal = 4A6E6EE21EA8A1DE009E2642 /* Project object */;
			proxyType = 1;
			remoteGlobalIDString = 4A6E6EE91EA8A1DE009E2642;
			remoteInfo = Chap1_HelloAVF;
		};
/* End PBXContainerItemProxy section */

/* Begin PBXFileReference section */
		4A6E6EEA1EA8A1DE009E2642 /* Chap1_HelloAVF.app */ = {isa = PBXFileReference; explicitFileType = wrapper.application; includeInIndex = 0; path = Chap1_HelloAVF.app; sourceTree = BUILT_PRODUCTS_DIR; };
		4A6E6EED1EA8A1DE009E2642 /* AppDelegate.swift */ = {isa = PBXFileReference; lastKnownFileType = sourcecode.swift; path = AppDelegate.swift; sourceTree = "<group>"; };
		4A6E6EEF1EA8A1DE009E2642 /* ViewController.swift */ = {isa = PBXFileReference; lastKnownFileType = sourcecode.swift; path = ViewController.swift; sourceTree = "<group>"; };
		4A6E6EF21EA8A1DE009E2642 /* Base */ = {isa = PBXFileReference; lastKnownFileType = file.storyboard; name = Base; path = Base.lproj/Main.storyboard; sourceTree = "<group>"; };
		4A6E6EF41EA8A1DE009E2642 /* Assets.xcassets */ = {isa = PBXFileReference; lastKnownFileType = folder.assetcatalog; path = Assets.xcassets; sourceTree = "<group>"; };
		4A6E6EF71EA8A1DE009E2642 /* Base */ = {isa = PBXFileReference; lastKnownFileType = file.storyboard; name = Base; path = Base.lproj/LaunchScreen.storyboard; sourceTree = "<group>"; };
		4A6E6EF91EA8A1DE009E2642 /* Info.plist */ = {isa = PBXFileReference; lastKnownFileType = text.plist.xml; path = Info.plist; sourceTree = "<group>"; };
		4A6E6EFE1EA8A1DF009E2642 /* Chap1_HelloAVFTests.xctest */ = {isa = PBXFileReference; explicitFileType = wrapper.cfbundle; includeInIndex = 0; path = Chap1_HelloAVFTests.xctest; sourceTree = BUILT_PRODUCTS_DIR; };
		4A6E6F021EA8A1DF009E2642 /* Chap1_HelloAVFTests.swift */ = {isa = PBXFileReference; lastKnownFileType = sourcecode.swift; path = Chap1_HelloAVFTests.swift; sourceTree = "<group>"; };
		4A6E6F041EA8A1DF009E2642 /* Info.plist */ = {isa = PBXFileReference; lastKnownFileType = text.plist.xml; path = Info.plist; sourceTree = "<group>"; };
		4A6E6F091EA8A1DF009E2642 /* Chap1_HelloAVFUITests.xctest */ = {isa = PBXFileReference; explicitFileType = wrapper.cfbundle; includeInIndex = 0; path = Chap1_HelloAVFUITests.xctest; sourceTree = BUILT_PRODUCTS_DIR; };
		4A6E6F0D1EA8A1DF009E2642 /* Chap1_HelloAVFUITests.swift */ = {isa = PBXFileReference; lastKnownFileType = sourcecode.swift; path = Chap1_HelloAVFUITests.swift; sourceTree = "<group>"; };
		4A6E6F0F1EA8A1DF009E2642 /* Info.plist */ = {isa = PBXFileReference; lastKnownFileType = text.plist.xml; path = Info.plist; sourceTree = "<group>"; };
		4A6E6F1B1EA8A363009E2642 /* THBubbleCell.swift */ = {isa = PBXFileReference; fileEncoding = 4; lastKnownFileType = sourcecode.swift; path = THBubbleCell.swift; sourceTree = "<group>"; };
		4A97B2B31EA8A5B80054371D /* THSpeechController.swift */ = {isa = PBXFileReference; fileEncoding = 4; lastKnownFileType = sourcecode.swift; path = THSpeechController.swift; sourceTree = "<group>"; };
/* End PBXFileReference section */

/* Begin PBXFrameworksBuildPhase section */
		4A6E6EE71EA8A1DE009E2642 /* Frameworks */ = {
			isa = PBXFrameworksBuildPhase;
			buildActionMask = 2147483647;
			files = (
			);
			runOnlyForDeploymentPostprocessing = 0;
		};
		4A6E6EFB1EA8A1DF009E2642 /* Frameworks */ = {
			isa = PBXFrameworksBuildPhase;
			buildActionMask = 2147483647;
			files = (
			);
			runOnlyForDeploymentPostprocessing = 0;
		};
		4A6E6F061EA8A1DF009E2642 /* Frameworks */ = {
			isa = PBXFrameworksBuildPhase;
			buildActionMask = 2147483647;
			files = (
			);
			runOnlyForDeploymentPostprocessing = 0;
		};
/* End PBXFrameworksBuildPhase section */

/* Begin PBXGroup section */
		4A6E6EE11EA8A1DE009E2642 = {
			isa = PBXGroup;
			children = (
				4A6E6EEC1EA8A1DE009E2642 /* Chap1_HelloAVF */,
				4A6E6F011EA8A1DF009E2642 /* Chap1_HelloAVFTests */,
				4A6E6F0C1EA8A1DF009E2642 /* Chap1_HelloAVFUITests */,
				4A6E6EEB1EA8A1DE009E2642 /* Products */,
			);
			sourceTree = "<group>";
		};
		4A6E6EEB1EA8A1DE009E2642 /* Products */ = {
			isa = PBXGroup;
			children = (
				4A6E6EEA1EA8A1DE009E2642 /* Chap1_HelloAVF.app */,
				4A6E6EFE1EA8A1DF009E2642 /* Chap1_HelloAVFTests.xctest */,
				4A6E6F091EA8A1DF009E2642 /* Chap1_HelloAVFUITests.xctest */,
			);
			name = Products;
			sourceTree = "<group>";
		};
		4A6E6EEC1EA8A1DE009E2642 /* Chap1_HelloAVF */ = {
			isa = PBXGroup;
			children = (
				4A6E6EED1EA8A1DE009E2642 /* AppDelegate.swift */,
				4A6E6EEF1EA8A1DE009E2642 /* ViewController.swift */,
				4A97B2B31EA8A5B80054371D /* THSpeechController.swift */,
				4A6E6F1B1EA8A363009E2642 /* THBubbleCell.swift */,
				4A6E6EF11EA8A1DE009E2642 /* Main.storyboard */,
				4A6E6EF41EA8A1DE009E2642 /* Assets.xcassets */,
				4A6E6EF61EA8A1DE009E2642 /* LaunchScreen.storyboard */,
				4A6E6EF91EA8A1DE009E2642 /* Info.plist */,
			);
			path = Chap1_HelloAVF;
			sourceTree = "<group>";
		};
		4A6E6F011EA8A1DF009E2642 /* Chap1_HelloAVFTests */ = {
			isa = PBXGroup;
			children = (
				4A6E6F021EA8A1DF009E2642 /* Chap1_HelloAVFTests.swift */,
				4A6E6F041EA8A1DF009E2642 /* Info.plist */,
			);
			path = Chap1_HelloAVFTests;
			sourceTree = "<group>";
		};
		4A6E6F0C1EA8A1DF009E2642 /* Chap1_HelloAVFUITests */ = {
			isa = PBXGroup;
			children = (
				4A6E6F0D1EA8A1DF009E2642 /* Chap1_HelloAVFUITests.swift */,
				4A6E6F0F1EA8A1DF009E2642 /* Info.plist */,
			);
			path = Chap1_HelloAVFUITests;
			sourceTree = "<group>";
		};
/* End PBXGroup section */

/* Begin PBXNativeTarget section */
		4A6E6EE91EA8A1DE009E2642 /* Chap1_HelloAVF */ = {
			isa = PBXNativeTarget;
			buildConfigurationList = 4A6E6F121EA8A1DF009E2642 /* Build configuration list for PBXNativeTarget "Chap1_HelloAVF" */;
			buildPhases = (
				4A6E6EE61EA8A1DE009E2642 /* Sources */,
				4A6E6EE71EA8A1DE009E2642 /* Frameworks */,
				4A6E6EE81EA8A1DE009E2642 /* Resources */,
			);
			buildRules = (
			);
			dependencies = (
			);
			name = Chap1_HelloAVF;
			productName = Chap1_HelloAVF;
			productReference = 4A6E6EEA1EA8A1DE009E2642 /* Chap1_HelloAVF.app */;
			productType = "com.apple.product-type.application";
		};
		4A6E6EFD1EA8A1DF009E2642 /* Chap1_HelloAVFTests */ = {
			isa = PBXNativeTarget;
			buildConfigurationList = 4A6E6F151EA8A1DF009E2642 /* Build configuration list for PBXNativeTarget "Chap1_HelloAVFTests" */;
			buildPhases = (
				4A6E6EFA1EA8A1DF009E2642 /* Sources */,
				4A6E6EFB1EA8A1DF009E2642 /* Frameworks */,
				4A6E6EFC1EA8A1DF009E2642 /* Resources */,
			);
			buildRules = (
			);
			dependencies = (
				4A6E6F001EA8A1DF009E2642 /* PBXTargetDependency */,
			);
			name = Chap1_HelloAVFTests;
			productName = Chap1_HelloAVFTests;
			productReference = 4A6E6EFE1EA8A1DF009E2642 /* Chap1_HelloAVFTests.xctest */;
			productType = "com.apple.product-type.bundle.unit-test";
		};
		4A6E6F081EA8A1DF009E2642 /* Chap1_HelloAVFUITests */ = {
			isa = PBXNativeTarget;
			buildConfigurationList = 4A6E6F181EA8A1DF009E2642 /* Build configuration list for PBXNativeTarget "Chap1_HelloAVFUITests" */;
			buildPhases = (
				4A6E6F051EA8A1DF009E2642 /* Sources */,
				4A6E6F061EA8A1DF009E2642 /* Frameworks */,
				4A6E6F071EA8A1DF009E2642 /* Resources */,
			);
			buildRules = (
			);
			dependencies = (
				4A6E6F0B1EA8A1DF009E2642 /* PBXTargetDependency */,
			);
			name = Chap1_HelloAVFUITests;
			productName = Chap1_HelloAVFUITests;
			productReference = 4A6E6F091EA8A1DF009E2642 /* Chap1_HelloAVFUITests.xctest */;
			productType = "com.apple.product-type.bundle.ui-testing";
		};
/* End PBXNativeTarget section */

/* Begin PBXProject section */
		4A6E6EE21EA8A1DE009E2642 /* Project object */ = {
			isa = PBXProject;
			attributes = {
				LastSwiftUpdateCheck = 0830;
				LastUpgradeCheck = 0830;
				ORGANIZATIONNAME = Joon;
				TargetAttributes = {
					4A6E6EE91EA8A1DE009E2642 = {
						CreatedOnToolsVersion = 8.3.1;
						ProvisioningStyle = Automatic;
					};
					4A6E6EFD1EA8A1DF009E2642 = {
						CreatedOnToolsVersion = 8.3.1;
						ProvisioningStyle = Automatic;
						TestTargetID = 4A6E6EE91EA8A1DE009E2642;
					};
					4A6E6F081EA8A1DF009E2642 = {
						CreatedOnToolsVersion = 8.3.1;
						ProvisioningStyle = Automatic;
						TestTargetID = 4A6E6EE91EA8A1DE009E2642;
					};
				};
			};
			buildConfigurationList = 4A6E6EE51EA8A1DE009E2642 /* Build configuration list for PBXProject "Chap1_HelloAVF" */;
			compatibilityVersion = "Xcode 3.2";
			developmentRegion = English;
			hasScannedForEncodings = 0;
			knownRegions = (
				en,
				Base,
			);
			mainGroup = 4A6E6EE11EA8A1DE009E2642;
			productRefGroup = 4A6E6EEB1EA8A1DE009E2642 /* Products */;
			projectDirPath = "";
			projectRoot = "";
			targets = (
				4A6E6EE91EA8A1DE009E2642 /* Chap1_HelloAVF */,
				4A6E6EFD1EA8A1DF009E2642 /* Chap1_HelloAVFTests */,
				4A6E6F081EA8A1DF009E2642 /* Chap1_HelloAVFUITests */,
			);
		};
/* End PBXProject section */

/* Begin PBXResourcesBuildPhase section */
		4A6E6EE81EA8A1DE009E2642 /* Resources */ = {
			isa = PBXResourcesBuildPhase;
			buildActionMask = 2147483647;
			files = (
				4A6E6EF81EA8A1DE009E2642 /* LaunchScreen.storyboard in Resources */,
				4A6E6EF51EA8A1DE009E2642 /* Assets.xcassets in Resources */,
				4A6E6EF31EA8A1DE009E2642 /* Main.storyboard in Resources */,
			);
			runOnlyForDeploymentPostprocessing = 0;
		};
		4A6E6EFC1EA8A1DF009E2642 /* Resources */ = {
			isa = PBXResourcesBuildPhase;
			buildActionMask = 2147483647;
			files = (
			);
			runOnlyForDeploymentPostprocessing = 0;
		};
		4A6E6F071EA8A1DF009E2642 /* Resources */ = {
			isa = PBXResourcesBuildPhase;
			buildActionMask = 2147483647;
			files = (
			);
			runOnlyForDeploymentPostprocessing = 0;
		};
/* End PBXResourcesBuildPhase section */

/* Begin PBXSourcesBuildPhase section */
		4A6E6EE61EA8A1DE009E2642 /* Sources */ = {
			isa = PBXSourcesBuildPhase;
			buildActionMask = 2147483647;
			files = (
				4A6E6F1C1EA8A363009E2642 /* THBubbleCell.swift in Sources */,
				4A6E6EF01EA8A1DE009E2642 /* ViewController.swift in Sources */,
				4A6E6EEE1EA8A1DE009E2642 /* AppDelegate.swift in Sources */,
				4A97B2B41EA8A5B80054371D /* THSpeechController.swift in Sources */,
			);
			runOnlyForDeploymentPostprocessing = 0;
		};
		4A6E6EFA1EA8A1DF009E2642 /* Sources */ = {
			isa = PBXSourcesBuildPhase;
			buildActionMask = 2147483647;
			files = (
				4A6E6F031EA8A1DF009E2642 /* Chap1_HelloAVFTests.swift in Sources */,
			);
			runOnlyForDeploymentPostprocessing = 0;
		};
		4A6E6F051EA8A1DF009E2642 /* Sources */ = {
			isa = PBXSourcesBuildPhase;
			buildActionMask = 2147483647;
			files = (
				4A6E6F0E1EA8A1DF009E2642 /* Chap1_HelloAVFUITests.swift in Sources */,
			);
			runOnlyForDeploymentPostprocessing = 0;
		};
/* End PBXSourcesBuildPhase section */

/* Begin PBXTargetDependency section */
		4A6E6F001EA8A1DF009E2642 /* PBXTargetDependency */ = {
			isa = PBXTargetDependency;
			target = 4A6E6EE91EA8A1DE009E2642 /* Chap1_HelloAVF */;
			targetProxy = 4A6E6EFF1EA8A1DF009E2642 /* PBXContainerItemProxy */;
		};
		4A6E6F0B1EA8A1DF009E2642 /* PBXTargetDependency */ = {
			isa = PBXTargetDependency;
			target = 4A6E6EE91EA8A1DE009E2642 /* Chap1_HelloAVF */;
			targetProxy = 4A6E6F0A1EA8A1DF009E2642 /* PBXContainerItemProxy */;
		};
/* End PBXTargetDependency section */

/* Begin PBXVariantGroup section */
		4A6E6EF11EA8A1DE009E2642 /* Main.storyboard */ = {
			isa = PBXVariantGroup;
			children = (
				4A6E6EF21EA8A1DE009E2642 /* Base */,
			);
			name = Main.storyboard;
			sourceTree = "<group>";
		};
		4A6E6EF61EA8A1DE009E2642 /* LaunchScreen.storyboard */ = {
			isa = PBXVariantGroup;
			children = (
				4A6E6EF71EA8A1DE009E2642 /* Base */,
			);
			name = LaunchScreen.storyboard;
			sourceTree = "<group>";
		};
/* End PBXVariantGroup section */

/* Begin XCBuildConfiguration section */
		4A6E6F101EA8A1DF009E2642 /* Debug */ = {
			isa = XCBuildConfiguration;
			buildSettings = {
				ALWAYS_SEARCH_USER_PATHS = NO;
				CLANG_ANALYZER_NONNULL = YES;
				CLANG_ANALYZER_NUMBER_OBJECT_CONVERSION = YES_AGGRESSIVE;
				CLANG_CXX_LANGUAGE_STANDARD = "gnu++0x";
				CLANG_CXX_LIBRARY = "libc++";
				CLANG_ENABLE_MODULES = YES;
				CLANG_ENABLE_OBJC_ARC = YES;
				CLANG_WARN_BOOL_CONVERSION = YES;
				CLANG_WARN_CONSTANT_CONVERSION = YES;
				CLANG_WARN_DIRECT_OBJC_ISA_USAGE = YES_ERROR;
				CLANG_WARN_DOCUMENTATION_COMMENTS = YES;
				CLANG_WARN_EMPTY_BODY = YES;
				CLANG_WARN_ENUM_CONVERSION = YES;
				CLANG_WARN_INFINITE_RECURSION = YES;
				CLANG_WARN_INT_CONVERSION = YES;
				CLANG_WARN_OBJC_ROOT_CLASS = YES_ERROR;
				CLANG_WARN_SUSPICIOUS_MOVE = YES;
				CLANG_WARN_UNREACHABLE_CODE = YES;
				CLANG_WARN__DUPLICATE_METHOD_MATCH = YES;
				"CODE_SIGN_IDENTITY[sdk=iphoneos*]" = "iPhone Developer";
				COPY_PHASE_STRIP = NO;
				DEBUG_INFORMATION_FORMAT = dwarf;
				ENABLE_STRICT_OBJC_MSGSEND = YES;
				ENABLE_TESTABILITY = YES;
				GCC_C_LANGUAGE_STANDARD = gnu99;
				GCC_DYNAMIC_NO_PIC = NO;
				GCC_NO_COMMON_BLOCKS = YES;
				GCC_OPTIMIZATION_LEVEL = 0;
				GCC_PREPROCESSOR_DEFINITIONS = (
					"DEBUG=1",
					"$(inherited)",
				);
				GCC_WARN_64_TO_32_BIT_CONVERSION = YES;
				GCC_WARN_ABOUT_RETURN_TYPE = YES_ERROR;
				GCC_WARN_UNDECLARED_SELECTOR = YES;
				GCC_WARN_UNINITIALIZED_AUTOS = YES_AGGRESSIVE;
				GCC_WARN_UNUSED_FUNCTION = YES;
				GCC_WARN_UNUSED_VARIABLE = YES;
				IPHONEOS_DEPLOYMENT_TARGET = 10.3;
				MTL_ENABLE_DEBUG_INFO = YES;
				ONLY_ACTIVE_ARCH = YES;
				SDKROOT = iphoneos;
				SWIFT_ACTIVE_COMPILATION_CONDITIONS = DEBUG;
				SWIFT_OPTIMIZATION_LEVEL = "-Onone";
				TARGETED_DEVICE_FAMILY = "1,2";
			};
			name = Debug;
		};
		4A6E6F111EA8A1DF009E2642 /* Release */ = {
			isa = XCBuildConfiguration;
			buildSettings = {
				ALWAYS_SEARCH_USER_PATHS = NO;
				CLANG_ANALYZER_NONNULL = YES;
				CLANG_ANALYZER_NUMBER_OBJECT_CONVERSION = YES_AGGRESSIVE;
				CLANG_CXX_LANGUAGE_STANDARD = "gnu++0x";
				CLANG_CXX_LIBRARY = "libc++";
				CLANG_ENABLE_MODULES = YES;
				CLANG_ENABLE_OBJC_ARC = YES;
				CLANG_WARN_BOOL_CONVERSION = YES;
				CLANG_WARN_CONSTANT_CONVERSION = YES;
				CLANG_WARN_DIRECT_OBJC_ISA_USAGE = YES_ERROR;
				CLANG_WARN_DOCUMENTATION_COMMENTS = YES;
				CLANG_WARN_EMPTY_BODY = YES;
				CLANG_WARN_ENUM_CONVERSION = YES;
				CLANG_WARN_INFINITE_RECURSION = YES;
				CLANG_WARN_INT_CONVERSION = YES;
				CLANG_WARN_OBJC_ROOT_CLASS = YES_ERROR;
				CLANG_WARN_SUSPICIOUS_MOVE = YES;
				CLANG_WARN_UNREACHABLE_CODE = YES;
				CLANG_WARN__DUPLICATE_METHOD_MATCH = YES;
				"CODE_SIGN_IDENTITY[sdk=iphoneos*]" = "iPhone Developer";
				COPY_PHASE_STRIP = NO;
				DEBUG_INFORMATION_FORMAT = "dwarf-with-dsym";
				ENABLE_NS_ASSERTIONS = NO;
				ENABLE_STRICT_OBJC_MSGSEND = YES;
				GCC_C_LANGUAGE_STANDARD = gnu99;
				GCC_NO_COMMON_BLOCKS = YES;
				GCC_WARN_64_TO_32_BIT_CONVERSION = YES;
				GCC_WARN_ABOUT_RETURN_TYPE = YES_ERROR;
				GCC_WARN_UNDECLARED_SELECTOR = YES;
				GCC_WARN_UNINITIALIZED_AUTOS = YES_AGGRESSIVE;
				GCC_WARN_UNUSED_FUNCTION = YES;
				GCC_WARN_UNUSED_VARIABLE = YES;
				IPHONEOS_DEPLOYMENT_TARGET = 10.3;
				MTL_ENABLE_DEBUG_INFO = NO;
				SDKROOT = iphoneos;
				SWIFT_OPTIMIZATION_LEVEL = "-Owholemodule";
				TARGETED_DEVICE_FAMILY = "1,2";
				VALIDATE_PRODUCT = YES;
			};
			name = Release;
		};
		4A6E6F131EA8A1DF009E2642 /* Debug */ = {
			isa = XCBuildConfiguration;
			buildSettings = {
				ASSETCATALOG_COMPILER_APPICON_NAME = AppIcon;
				INFOPLIST_FILE = Chap1_HelloAVF/Info.plist;
				LD_RUNPATH_SEARCH_PATHS = "$(inherited) @executable_path/Frameworks";
				PRODUCT_BUNDLE_IDENTIFIER = "com.joonwon.Chap1-HelloAVF";
				PRODUCT_NAME = "$(TARGET_NAME)";
				SWIFT_VERSION = 3.0;
			};
			name = Debug;
		};
		4A6E6F141EA8A1DF009E2642 /* Release */ = {
			isa = XCBuildConfiguration;
			buildSettings = {
				ASSETCATALOG_COMPILER_APPICON_NAME = AppIcon;
				INFOPLIST_FILE = Chap1_HelloAVF/Info.plist;
				LD_RUNPATH_SEARCH_PATHS = "$(inherited) @executable_path/Frameworks";
				PRODUCT_BUNDLE_IDENTIFIER = "com.joonwon.Chap1-HelloAVF";
				PRODUCT_NAME = "$(TARGET_NAME)";
				SWIFT_VERSION = 3.0;
			};
			name = Release;
		};
		4A6E6F161EA8A1DF009E2642 /* Debug */ = {
			isa = XCBuildConfiguration;
			buildSettings = {
				ALWAYS_EMBED_SWIFT_STANDARD_LIBRARIES = YES;
				BUNDLE_LOADER = "$(TEST_HOST)";
				INFOPLIST_FILE = Chap1_HelloAVFTests/Info.plist;
				LD_RUNPATH_SEARCH_PATHS = "$(inherited) @executable_path/Frameworks @loader_path/Frameworks";
				PRODUCT_BUNDLE_IDENTIFIER = "com.joonwon.Chap1-HelloAVFTests";
				PRODUCT_NAME = "$(TARGET_NAME)";
				SWIFT_VERSION = 3.0;
				TEST_HOST = "$(BUILT_PRODUCTS_DIR)/Chap1_HelloAVF.app/Chap1_HelloAVF";
			};
			name = Debug;
		};
		4A6E6F171EA8A1DF009E2642 /* Release */ = {
			isa = XCBuildConfiguration;
			buildSettings = {
				ALWAYS_EMBED_SWIFT_STANDARD_LIBRARIES = YES;
				BUNDLE_LOADER = "$(TEST_HOST)";
				INFOPLIST_FILE = Chap1_HelloAVFTests/Info.plist;
				LD_RUNPATH_SEARCH_PATHS = "$(inherited) @executable_path/Frameworks @loader_path/Frameworks";
				PRODUCT_BUNDLE_IDENTIFIER = "com.joonwon.Chap1-HelloAVFTests";
				PRODUCT_NAME = "$(TARGET_NAME)";
				SWIFT_VERSION = 3.0;
				TEST_HOST = "$(BUILT_PRODUCTS_DIR)/Chap1_HelloAVF.app/Chap1_HelloAVF";
			};
			name = Release;
		};
		4A6E6F191EA8A1DF009E2642 /* Debug */ = {
			isa = XCBuildConfiguration;
			buildSettings = {
				ALWAYS_EMBED_SWIFT_STANDARD_LIBRARIES = YES;
				INFOPLIST_FILE = Chap1_HelloAVFUITests/Info.plist;
				LD_RUNPATH_SEARCH_PATHS = "$(inherited) @executable_path/Frameworks @loader_path/Frameworks";
				PRODUCT_BUNDLE_IDENTIFIER = "com.joonwon.Chap1-HelloAVFUITests";
				PRODUCT_NAME = "$(TARGET_NAME)";
				SWIFT_VERSION = 3.0;
				TEST_TARGET_NAME = Chap1_HelloAVF;
			};
			name = Debug;
		};
		4A6E6F1A1EA8A1DF009E2642 /* Release */ = {
			isa = XCBuildConfiguration;
			buildSettings = {
				ALWAYS_EMBED_SWIFT_STANDARD_LIBRARIES = YES;
				INFOPLIST_FILE = Chap1_HelloAVFUITests/Info.plist;
				LD_RUNPATH_SEARCH_PATHS = "$(inherited) @executable_path/Frameworks @loader_path/Frameworks";
				PRODUCT_BUNDLE_IDENTIFIER = "com.joonwon.Chap1-HelloAVFUITests";
				PRODUCT_NAME = "$(TARGET_NAME)";
				SWIFT_VERSION = 3.0;
				TEST_TARGET_NAME = Chap1_HelloAVF;
			};
			name = Release;
		};
/* End XCBuildConfiguration section */

/* Begin XCConfigurationList section */
		4A6E6EE51EA8A1DE009E2642 /* Build configuration list for PBXProject "Chap1_HelloAVF" */ = {
			isa = XCConfigurationList;
			buildConfigurations = (
				4A6E6F101EA8A1DF009E2642 /* Debug */,
				4A6E6F111EA8A1DF009E2642 /* Release */,
			);
			defaultConfigurationIsVisible = 0;
			defaultConfigurationName = Release;
		};
		4A6E6F121EA8A1DF009E2642 /* Build configuration list for PBXNativeTarget "Chap1_HelloAVF" */ = {
			isa = XCConfigurationList;
			buildConfigurations = (
				4A6E6F131EA8A1DF009E2642 /* Debug */,
				4A6E6F141EA8A1DF009E2642 /* Release */,
			);
			defaultConfigurationIsVisible = 0;
			defaultConfigurationName = Release;
		};
		4A6E6F151EA8A1DF009E2642 /* Build configuration list for PBXNativeTarget "Chap1_HelloAVFTests" */ = {
			isa = XCConfigurationList;
			buildConfigurations = (
				4A6E6F161EA8A1DF009E2642 /* Debug */,
				4A6E6F171EA8A1DF009E2642 /* Release */,
			);
			defaultConfigurationIsVisible = 0;
			defaultConfigurationName = Release;
		};
		4A6E6F181EA8A1DF009E2642 /* Build configuration list for PBXNativeTarget "Chap1_HelloAVFUITests" */ = {
			isa = XCConfigurationList;
			buildConfigurations = (
				4A6E6F191EA8A1DF009E2642 /* Debug */,
				4A6E6F1A1EA8A1DF009E2642 /* Release */,
			);
			defaultConfigurationIsVisible = 0;
			defaultConfigurationName = Release;
		};
/* End XCConfigurationList section */
	};
	rootObject = 4A6E6EE21EA8A1DE009E2642 /* Project object */;
}
